
Microsoft Visual Studio Solution File, Format Version 12.00
# Visual Studio Version 17
VisualStudioVersion = 17.6.33829.357
MinimumVisualStudioVersion = 10.0.40219.1
Project("{FAE04EC0-301F-11D3-BF4B-00C04F79EFBC}") = "TransactionApp", "TransactionApp.csproj", "{A0EF311B-5097-4C74-8EF4-A73A91F34998}"
EndProject
Global
	GlobalSection(SolutionConfigurationPlatforms) = preSolution
		Debug|Any CPU = Debug|Any CPU
		Release|Any CPU = Release|Any CPU
	EndGlobalSection
	GlobalSection(ProjectConfigurationPlatforms) = postSolution
		{A0EF311B-5097-4C74-8EF4-A73A91F34998}.Debug|Any CPU.ActiveCfg = Debug|Any CPU
		{A0EF311B-5097-4C74-8EF4-A73A91F34998}.Debug|Any CPU.Build.0 = Debug|Any CPU
		{A0EF311B-5097-4C74-8EF4-A73A91F34998}.Release|Any CPU.ActiveCfg = Release|Any CPU
		{A0EF311B-5097-4C74-8EF4-A73A91F34998}.Release|Any CPU.Build.0 = Release|Any CPU
	EndGlobalSection
	GlobalSection(SolutionProperties) = preSolution
		HideSolutionNode = FALSE
	EndGlobalSection
	GlobalSection(ExtensibilityGlobals) = postSolution
		SolutionGuid = {0166A4F8-E627-43D0-8888-96ED3B83E343}
	EndGlobalSection
EndGlobal
